{
  "name": "instruments.js-monorepo",
  "version": "0.0.0",
  "lockfileVersion": 3,
  "requires": true,
  "packages": {
    "": {
      "name": "instruments.js-monorepo",
      "version": "0.0.0",
      "workspaces": [
        "packages/*",
        "apps/*"
      ],
      "devDependencies": {
        "typescript": "^5.5.0"
      }
    },
    "node_modules/@instrumentsjs/instruments": {
      "resolved": "packages/instruments",
      "link": true
    },
    "node_modules/@instrumentsjs/midi": {
      "resolved": "packages/midi",
      "link": true
    },
    "node_modules/instruments.js": {
      "resolved": "packages/core",
      "link": true
    },
    "node_modules/typescript": {
      "version": "5.9.3",
      "resolved": "https://registry.npmjs.org/typescript/-/typescript-5.9.3.tgz",
      "integrity": "sha512-jl1vZzPDinLr9eUt3J/t7V6FgNEw9QjvBPdysz9KfQDD41fQrC2Y4vKQdiaUpFT4bXlb1RHhLpp8wtm6M5TgSw==",
      "dev": true,
      "license": "Apache-2.0",
      "bin": {
        "tsc": "bin/tsc",
        "tsserver": "bin/tsserver"
      },
      "engines": {
        "node": ">=14.17"
      }
    },
    "packages/core": {
      "name": "instruments.js",
      "version": "0.0.0",
      "license": "MIT OR Apache-2.0"
    },
    "packages/instruments": {
      "name": "@instrumentsjs/instruments",
      "version": "0.0.0",
      "license": "MIT OR Apache-2.0"
    },
    "packages/midi": {
      "name": "@instrumentsjs/midi",
      "version": "0.0.0",
      "license": "MIT OR Apache-2.0"
    }
  }
}
